// !$*UTF8*$!
{
	archiveVersion = 1;
	classes = {
	};
	objectVersion = 50;
	objects = {

/* Begin PBXBuildFile section */
		390EC0FD2382E46900A988D0 /* AppDelegate.swift in Sources */ = {isa = PBXBuildFile; fileRef = 390EC0FC2382E46900A988D0 /* AppDelegate.swift */; };
		390EC0FF2382E46900A988D0 /* SceneDelegate.swift in Sources */ = {isa = PBXBuildFile; fileRef = 390EC0FE2382E46900A988D0 /* SceneDelegate.swift */; };
		390EC1012382E46900A988D0 /* FirstViewController.swift in Sources */ = {isa = PBXBuildFile; fileRef = 390EC1002382E46900A988D0 /* FirstViewController.swift */; };
		390EC1032382E46900A988D0 /* SecondViewController.swift in Sources */ = {isa = PBXBuildFile; fileRef = 390EC1022382E46900A988D0 /* SecondViewController.swift */; };
		390EC1062382E46900A988D0 /* Main.storyboard in Resources */ = {isa = PBXBuildFile; fileRef = 390EC1042382E46900A988D0 /* Main.storyboard */; };
		390EC1082382E46A00A988D0 /* Assets.xcassets in Resources */ = {isa = PBXBuildFile; fileRef = 390EC1072382E46A00A988D0 /* Assets.xcassets */; };
		390EC10B2382E46A00A988D0 /* LaunchScreen.storyboard in Resources */ = {isa = PBXBuildFile; fileRef = 390EC1092382E46A00A988D0 /* LaunchScreen.storyboard */; };
		390EC1162382E46A00A988D0 /* APP_SCONTRINITests.swift in Sources */ = {isa = PBXBuildFile; fileRef = 390EC1152382E46A00A988D0 /* APP_SCONTRINITests.swift */; };
		390EC1212382E46A00A988D0 /* APP_SCONTRINIUITests.swift in Sources */ = {isa = PBXBuildFile; fileRef = 390EC1202382E46A00A988D0 /* APP_SCONTRINIUITests.swift */; };
/* End PBXBuildFile section */

/* Begin PBXContainerItemProxy section */
		390EC1122382E46A00A988D0 /* PBXContainerItemProxy */ = {
			isa = PBXContainerItemProxy;
			containerPortal = 390EC0F12382E46900A988D0 /* Project object */;
			proxyType = 1;
			remoteGlobalIDString = 390EC0F82382E46900A988D0;
			remoteInfo = "APP-SCONTRINI";
		};
		390EC11D2382E46A00A988D0 /* PBXContainerItemProxy */ = {
			isa = PBXContainerItemProxy;
			containerPortal = 390EC0F12382E46900A988D0 /* Project object */;
			proxyType = 1;
			remoteGlobalIDString = 390EC0F82382E46900A988D0;
			remoteInfo = "APP-SCONTRINI";
		};
/* End PBXContainerItemProxy section */

/* Begin PBXFileReference section */
		390EC0F92382E46900A988D0 /* APP-SCONTRINI.app */ = {isa = PBXFileReference; explicitFileType = wrapper.application; includeInIndex = 0; path = "APP-SCONTRINI.app"; sourceTree = BUILT_PRODUCTS_DIR; };
		390EC0FC2382E46900A988D0 /* AppDelegate.swift */ = {isa = PBXFileReference; lastKnownFileType = sourcecode.swift; path = AppDelegate.swift; sourceTree = "<group>"; };
		390EC0FE2382E46900A988D0 /* SceneDelegate.swift */ = {isa = PBXFileReference; lastKnownFileType = sourcecode.swift; path = SceneDelegate.swift; sourceTree = "<group>"; };
		390EC1002382E46900A988D0 /* FirstViewController.swift */ = {isa = PBXFileReference; lastKnownFileType = sourcecode.swift; path = FirstViewController.swift; sourceTree = "<group>"; };
		390EC1022382E46900A988D0 /* SecondViewController.swift */ = {isa = PBXFileReference; lastKnownFileType = sourcecode.swift; path = SecondViewController.swift; sourceTree = "<group>"; };
		390EC1052382E46900A988D0 /* Base */ = {isa = PBXFileReference; lastKnownFileType = file.storyboard; name = Base; path = Base.lproj/Main.storyboard; sourceTree = "<group>"; };
		390EC1072382E46A00A988D0 /* Assets.xcassets */ = {isa = PBXFileReference; lastKnownFileType = folder.assetcatalog; path = Assets.xcassets; sourceTree = "<group>"; };
		390EC10A2382E46A00A988D0 /* Base */ = {isa = PBXFileReference; lastKnownFileType = file.storyboard; name = Base; path = Base.lproj/LaunchScreen.storyboard; sourceTree = "<group>"; };
		390EC10C2382E46A00A988D0 /* Info.plist */ = {isa = PBXFileReference; lastKnownFileType = text.plist.xml; path = Info.plist; sourceTree = "<group>"; };
		390EC1112382E46A00A988D0 /* APP-SCONTRINITests.xctest */ = {isa = PBXFileReference; explicitFileType = wrapper.cfbundle; includeInIndex = 0; path = "APP-SCONTRINITests.xctest"; sourceTree = BUILT_PRODUCTS_DIR; };
		390EC1152382E46A00A988D0 /* APP_SCONTRINITests.swift */ = {isa = PBXFileReference; lastKnownFileType = sourcecode.swift; path = APP_SCONTRINITests.swift; sourceTree = "<group>"; };
		390EC1172382E46A00A988D0 /* Info.plist */ = {isa = PBXFileReference; lastKnownFileType = text.plist.xml; path = Info.plist; sourceTree = "<group>"; };
		390EC11C2382E46A00A988D0 /* APP-SCONTRINIUITests.xctest */ = {isa = PBXFileReference; explicitFileType = wrapper.cfbundle; includeInIndex = 0; path = "APP-SCONTRINIUITests.xctest"; sourceTree = BUILT_PRODUCTS_DIR; };
		390EC1202382E46A00A988D0 /* APP_SCONTRINIUITests.swift */ = {isa = PBXFileReference; lastKnownFileType = sourcecode.swift; path = APP_SCONTRINIUITests.swift; sourceTree = "<group>"; };
		390EC1222382E46A00A988D0 /* Info.plist */ = {isa = PBXFileReference; lastKnownFileType = text.plist.xml; path = Info.plist; sourceTree = "<group>"; };
/* End PBXFileReference section */

/* Begin PBXFrameworksBuildPhase section */
		390EC0F62382E46900A988D0 /* Frameworks */ = {
			isa = PBXFrameworksBuildPhase;
			buildActionMask = 2147483647;
			files = (
			);
			runOnlyForDeploymentPostprocessing = 0;
		};
		390EC10E2382E46A00A988D0 /* Frameworks */ = {
			isa = PBXFrameworksBuildPhase;
			buildActionMask = 2147483647;
			files = (
			);
			runOnlyForDeploymentPostprocessing = 0;
		};
		390EC1192382E46A00A988D0 /* Frameworks */ = {
			isa = PBXFrameworksBuildPhase;
			buildActionMask = 2147483647;
			files = (
			);
			runOnlyForDeploymentPostprocessing = 0;
		};
/* End PBXFrameworksBuildPhase section */

/* Begin PBXGroup section */
		390EC0F02382E46900A988D0 = {
			isa = PBXGroup;
			children = (
				390EC0FB2382E46900A988D0 /* APP-SCONTRINI */,
				390EC1142382E46A00A988D0 /* APP-SCONTRINITests */,
				390EC11F2382E46A00A988D0 /* APP-SCONTRINIUITests */,
				390EC0FA2382E46900A988D0 /* Products */,
			);
			sourceTree = "<group>";
		};
		390EC0FA2382E46900A988D0 /* Products */ = {
			isa = PBXGroup;
			children = (
				390EC0F92382E46900A988D0 /* APP-SCONTRINI.app */,
				390EC1112382E46A00A988D0 /* APP-SCONTRINITests.xctest */,
				390EC11C2382E46A00A988D0 /* APP-SCONTRINIUITests.xctest */,
			);
			name = Products;
			sourceTree = "<group>";
		};
		390EC0FB2382E46900A988D0 /* APP-SCONTRINI */ = {
			isa = PBXGroup;
			children = (
				390EC0FC2382E46900A988D0 /* AppDelegate.swift */,
				390EC0FE2382E46900A988D0 /* SceneDelegate.swift */,
				390EC1002382E46900A988D0 /* FirstViewController.swift */,
				390EC1022382E46900A988D0 /* SecondViewController.swift */,
				390EC1042382E46900A988D0 /* Main.storyboard */,
				390EC1072382E46A00A988D0 /* Assets.xcassets */,
				390EC1092382E46A00A988D0 /* LaunchScreen.storyboard */,
				390EC10C2382E46A00A988D0 /* Info.plist */,
			);
			path = "APP-SCONTRINI";
			sourceTree = "<group>";
		};
		390EC1142382E46A00A988D0 /* APP-SCONTRINITests */ = {
			isa = PBXGroup;
			children = (
				390EC1152382E46A00A988D0 /* APP_SCONTRINITests.swift */,
				390EC1172382E46A00A988D0 /* Info.plist */,
			);
			path = "APP-SCONTRINITests";
			sourceTree = "<group>";
		};
		390EC11F2382E46A00A988D0 /* APP-SCONTRINIUITests */ = {
			isa = PBXGroup;
			children = (
				390EC1202382E46A00A988D0 /* APP_SCONTRINIUITests.swift */,
				390EC1222382E46A00A988D0 /* Info.plist */,
			);
			path = "APP-SCONTRINIUITests";
			sourceTree = "<group>";
		};
/* End PBXGroup section */

/* Begin PBXNativeTarget section */
		390EC0F82382E46900A988D0 /* APP-SCONTRINI */ = {
			isa = PBXNativeTarget;
			buildConfigurationList = 390EC1252382E46A00A988D0 /* Build configuration list for PBXNativeTarget "APP-SCONTRINI" */;
			buildPhases = (
				390EC0F52382E46900A988D0 /* Sources */,
				390EC0F62382E46900A988D0 /* Frameworks */,
				390EC0F72382E46900A988D0 /* Resources */,
			);
			buildRules = (
			);
			dependencies = (
			);
			name = "APP-SCONTRINI";
			productName = "APP-SCONTRINI";
			productReference = 390EC0F92382E46900A988D0 /* APP-SCONTRINI.app */;
			productType = "com.apple.product-type.application";
		};
		390EC1102382E46A00A988D0 /* APP-SCONTRINITests */ = {
			isa = PBXNativeTarget;
			buildConfigurationList = 390EC1282382E46A00A988D0 /* Build configuration list for PBXNativeTarget "APP-SCONTRINITests" */;
			buildPhases = (
				390EC10D2382E46A00A988D0 /* Sources */,
				390EC10E2382E46A00A988D0 /* Frameworks */,
				390EC10F2382E46A00A988D0 /* Resources */,
			);
			buildRules = (
			);
			dependencies = (
				390EC1132382E46A00A988D0 /* PBXTargetDependency */,
			);
			name = "APP-SCONTRINITests";
			productName = "APP-SCONTRINITests";
			productReference = 390EC1112382E46A00A988D0 /* APP-SCONTRINITests.xctest */;
			productType = "com.apple.product-type.bundle.unit-test";
		};
		390EC11B2382E46A00A988D0 /* APP-SCONTRINIUITests */ = {
			isa = PBXNativeTarget;
			buildConfigurationList = 390EC12B2382E46A00A988D0 /* Build configuration list for PBXNativeTarget "APP-SCONTRINIUITests" */;
			buildPhases = (
				390EC1182382E46A00A988D0 /* Sources */,
				390EC1192382E46A00A988D0 /* Frameworks */,
				390EC11A2382E46A00A988D0 /* Resources */,
			);
			buildRules = (
			);
			dependencies = (
				390EC11E2382E46A00A988D0 /* PBXTargetDependency */,
			);
			name = "APP-SCONTRINIUITests";
			productName = "APP-SCONTRINIUITests";
			productReference = 390EC11C2382E46A00A988D0 /* APP-SCONTRINIUITests.xctest */;
			productType = "com.apple.product-type.bundle.ui-testing";
		};
/* End PBXNativeTarget section */

/* Begin PBXProject section */
		390EC0F12382E46900A988D0 /* Project object */ = {
			isa = PBXProject;
			attributes = {
				LastSwiftUpdateCheck = 1100;
				LastUpgradeCheck = 1100;
				ORGANIZATIONNAME = Mhscio;
				TargetAttributes = {
					390EC0F82382E46900A988D0 = {
						CreatedOnToolsVersion = 11.0;
					};
					390EC1102382E46A00A988D0 = {
						CreatedOnToolsVersion = 11.0;
						TestTargetID = 390EC0F82382E46900A988D0;
					};
					390EC11B2382E46A00A988D0 = {
						CreatedOnToolsVersion = 11.0;
						TestTargetID = 390EC0F82382E46900A988D0;
					};
				};
			};
			buildConfigurationList = 390EC0F42382E46900A988D0 /* Build configuration list for PBXProject "APP-SCONTRINI" */;
			compatibilityVersion = "Xcode 9.3";
			developmentRegion = en;
			hasScannedForEncodings = 0;
			knownRegions = (
				en,
				Base,
			);
			mainGroup = 390EC0F02382E46900A988D0;
			productRefGroup = 390EC0FA2382E46900A988D0 /* Products */;
			projectDirPath = "";
			projectRoot = "";
			targets = (
				390EC0F82382E46900A988D0 /* APP-SCONTRINI */,
				390EC1102382E46A00A988D0 /* APP-SCONTRINITests */,
				390EC11B2382E46A00A988D0 /* APP-SCONTRINIUITests */,
			);
		};
/* End PBXProject section */

/* Begin PBXResourcesBuildPhase section */
		390EC0F72382E46900A988D0 /* Resources */ = {
			isa = PBXResourcesBuildPhase;
			buildActionMask = 2147483647;
			files = (
				390EC10B2382E46A00A988D0 /* LaunchScreen.storyboard in Resources */,
				390EC1082382E46A00A988D0 /* Assets.xcassets in Resources */,
				390EC1062382E46900A988D0 /* Main.storyboard in Resources */,
			);
			runOnlyForDeploymentPostprocessing = 0;
		};
		390EC10F2382E46A00A988D0 /* Resources */ = {
			isa = PBXResourcesBuildPhase;
			buildActionMask = 2147483647;
			files = (
			);
			runOnlyForDeploymentPostprocessing = 0;
		};
		390EC11A2382E46A00A988D0 /* Resources */ = {
			isa = PBXResourcesBuildPhase;
			buildActionMask = 2147483647;
			files = (
			);
			runOnlyForDeploymentPostprocessing = 0;
		};
/* End PBXResourcesBuildPhase section */

/* Begin PBXSourcesBuildPhase section */
		390EC0F52382E46900A988D0 /* Sources */ = {
			isa = PBXSourcesBuildPhase;
			buildActionMask = 2147483647;
			files = (
				390EC1032382E46900A988D0 /* SecondViewController.swift in Sources */,
				390EC1012382E46900A988D0 /* FirstViewController.swift in Sources */,
				390EC0FD2382E46900A988D0 /* AppDelegate.swift in Sources */,
				390EC0FF2382E46900A988D0 /* SceneDelegate.swift in Sources */,
			);
			runOnlyForDeploymentPostprocessing = 0;
		};
		390EC10D2382E46A00A988D0 /* Sources */ = {
			isa = PBXSourcesBuildPhase;
			buildActionMask = 2147483647;
			files = (
				390EC1162382E46A00A988D0 /* APP_SCONTRINITests.swift in Sources */,
			);
			runOnlyForDeploymentPostprocessing = 0;
		};
		390EC1182382E46A00A988D0 /* Sources */ = {
			isa = PBXSourcesBuildPhase;
			buildActionMask = 2147483647;
			files = (
				390EC1212382E46A00A988D0 /* APP_SCONTRINIUITests.swift in Sources */,
			);
			runOnlyForDeploymentPostprocessing = 0;
		};
/* End PBXSourcesBuildPhase section */

/* Begin PBXTargetDependency section */
		390EC1132382E46A00A988D0 /* PBXTargetDependency */ = {
			isa = PBXTargetDependency;
			target = 390EC0F82382E46900A988D0 /* APP-SCONTRINI */;
			targetProxy = 390EC1122382E46A00A988D0 /* PBXContainerItemProxy */;
		};
		390EC11E2382E46A00A988D0 /* PBXTargetDependency */ = {
			isa = PBXTargetDependency;
			target = 390EC0F82382E46900A988D0 /* APP-SCONTRINI */;
			targetProxy = 390EC11D2382E46A00A988D0 /* PBXContainerItemProxy */;
		};
/* End PBXTargetDependency section */

/* Begin PBXVariantGroup section */
		390EC1042382E46900A988D0 /* Main.storyboard */ = {
			isa = PBXVariantGroup;
			children = (
				390EC1052382E46900A988D0 /* Base */,
			);
			name = Main.storyboard;
			sourceTree = "<group>";
		};
		390EC1092382E46A00A988D0 /* LaunchScreen.storyboard */ = {
			isa = PBXVariantGroup;
			children = (
				390EC10A2382E46A00A988D0 /* Base */,
			);
			name = LaunchScreen.storyboard;
			sourceTree = "<group>";
		};
/* End PBXVariantGroup section */

/* Begin XCBuildConfiguration section */
		390EC1232382E46A00A988D0 /* Debug */ = {
			isa = XCBuildConfiguration;
			buildSettings = {
				ALWAYS_SEARCH_USER_PATHS = NO;
				CLANG_ANALYZER_NONNULL = YES;
				CLANG_ANALYZER_NUMBER_OBJECT_CONVERSION = YES_AGGRESSIVE;
				CLANG_CXX_LANGUAGE_STANDARD = "gnu++14";
				CLANG_CXX_LIBRARY = "libc++";
				CLANG_ENABLE_MODULES = YES;
				CLANG_ENABLE_OBJC_ARC = YES;
				CLANG_ENABLE_OBJC_WEAK = YES;
				CLANG_WARN_BLOCK_CAPTURE_AUTORELEASING = YES;
				CLANG_WARN_BOOL_CONVERSION = YES;
				CLANG_WARN_COMMA = YES;
				CLANG_WARN_CONSTANT_CONVERSION = YES;
				CLANG_WARN_DEPRECATED_OBJC_IMPLEMENTATIONS = YES;
				CLANG_WARN_DIRECT_OBJC_ISA_USAGE = YES_ERROR;
				CLANG_WARN_DOCUMENTATION_COMMENTS = YES;
				CLANG_WARN_EMPTY_BODY = YES;
				CLANG_WARN_ENUM_CONVERSION = YES;
				CLANG_WARN_INFINITE_RECURSION = YES;
				CLANG_WARN_INT_CONVERSION = YES;
				CLANG_WARN_NON_LITERAL_NULL_CONVERSION = YES;
				CLANG_WARN_OBJC_IMPLICIT_RETAIN_SELF = YES;
				CLANG_WARN_OBJC_LITERAL_CONVERSION = YES;
				CLANG_WARN_OBJC_ROOT_CLASS = YES_ERROR;
				CLANG_WARN_RANGE_LOOP_ANALYSIS = YES;
				CLANG_WARN_STRICT_PROTOTYPES = YES;
				CLANG_WARN_SUSPICIOUS_MOVE = YES;
				CLANG_WARN_UNGUARDED_AVAILABILITY = YES_AGGRESSIVE;
				CLANG_WARN_UNREACHABLE_CODE = YES;
				CLANG_WARN__DUPLICATE_METHOD_MATCH = YES;
				COPY_PHASE_STRIP = NO;
				DEBUG_INFORMATION_FORMAT = dwarf;
				ENABLE_STRICT_OBJC_MSGSEND = YES;
				ENABLE_TESTABILITY = YES;
				GCC_C_LANGUAGE_STANDARD = gnu11;
				GCC_DYNAMIC_NO_PIC = NO;
				GCC_NO_COMMON_BLOCKS = YES;
				GCC_OPTIMIZATION_LEVEL = 0;
				GCC_PREPROCESSOR_DEFINITIONS = (
					"DEBUG=1",
					"$(inherited)",
				);
				GCC_WARN_64_TO_32_BIT_CONVERSION = YES;
				GCC_WARN_ABOUT_RETURN_TYPE = YES_ERROR;
				GCC_WARN_UNDECLARED_SELECTOR = YES;
				GCC_WARN_UNINITIALIZED_AUTOS = YES_AGGRESSIVE;
				GCC_WARN_UNUSED_FUNCTION = YES;
				GCC_WARN_UNUSED_VARIABLE = YES;
				IPHONEOS_DEPLOYMENT_TARGET = 13.0;
				MTL_ENABLE_DEBUG_INFO = INCLUDE_SOURCE;
				MTL_FAST_MATH = YES;
				ONLY_ACTIVE_ARCH = YES;
				SDKROOT = iphoneos;
				SWIFT_ACTIVE_COMPILATION_CONDITIONS = DEBUG;
				SWIFT_OPTIMIZATION_LEVEL = "-Onone";
			};
			name = Debug;
		};
		390EC1242382E46A00A988D0 /* Release */ = {
			isa = XCBuildConfiguration;
			buildSettings = {
				ALWAYS_SEARCH_USER_PATHS = NO;
				CLANG_ANALYZER_NONNULL = YES;
				CLANG_ANALYZER_NUMBER_OBJECT_CONVERSION = YES_AGGRESSIVE;
				CLANG_CXX_LANGUAGE_STANDARD = "gnu++14";
				CLANG_CXX_LIBRARY = "libc++";
				CLANG_ENABLE_MODULES = YES;
				CLANG_ENABLE_OBJC_ARC = YES;
				CLANG_ENABLE_OBJC_WEAK = YES;
				CLANG_WARN_BLOCK_CAPTURE_AUTORELEASING = YES;
				CLANG_WARN_BOOL_CONVERSION = YES;
				CLANG_WARN_COMMA = YES;
				CLANG_WARN_CONSTANT_CONVERSION = YES;
				CLANG_WARN_DEPRECATED_OBJC_IMPLEMENTATIONS = YES;
				CLANG_WARN_DIRECT_OBJC_ISA_USAGE = YES_ERROR;
				CLANG_WARN_DOCUMENTATION_COMMENTS = YES;
				CLANG_WARN_EMPTY_BODY = YES;
				CLANG_WARN_ENUM_CONVERSION = YES;
				CLANG_WARN_INFINITE_RECURSION = YES;
				CLANG_WARN_INT_CONVERSION = YES;
				CLANG_WARN_NON_LITERAL_NULL_CONVERSION = YES;
				CLANG_WARN_OBJC_IMPLICIT_RETAIN_SELF = YES;
				CLANG_WARN_OBJC_LITERAL_CONVERSION = YES;
				CLANG_WARN_OBJC_ROOT_CLASS = YES_ERROR;
				CLANG_WARN_RANGE_LOOP_ANALYSIS = YES;
				CLANG_WARN_STRICT_PROTOTYPES = YES;
				CLANG_WARN_SUSPICIOUS_MOVE = YES;
				CLANG_WARN_UNGUARDED_AVAILABILITY = YES_AGGRESSIVE;
				CLANG_WARN_UNREACHABLE_CODE = YES;
				CLANG_WARN__DUPLICATE_METHOD_MATCH = YES;
				COPY_PHASE_STRIP = NO;
				DEBUG_INFORMATION_FORMAT = "dwarf-with-dsym";
				ENABLE_NS_ASSERTIONS = NO;
				ENABLE_STRICT_OBJC_MSGSEND = YES;
				GCC_C_LANGUAGE_STANDARD = gnu11;
				GCC_NO_COMMON_BLOCKS = YES;
				GCC_WARN_64_TO_32_BIT_CONVERSION = YES;
				GCC_WARN_ABOUT_RETURN_TYPE = YES_ERROR;
				GCC_WARN_UNDECLARED_SELECTOR = YES;
				GCC_WARN_UNINITIALIZED_AUTOS = YES_AGGRESSIVE;
				GCC_WARN_UNUSED_FUNCTION = YES;
				GCC_WARN_UNUSED_VARIABLE = YES;
				IPHONEOS_DEPLOYMENT_TARGET = 13.0;
				MTL_ENABLE_DEBUG_INFO = NO;
				MTL_FAST_MATH = YES;
				SDKROOT = iphoneos;
				SWIFT_COMPILATION_MODE = wholemodule;
				SWIFT_OPTIMIZATION_LEVEL = "-O";
				VALIDATE_PRODUCT = YES;
			};
			name = Release;
		};
		390EC1262382E46A00A988D0 /* Debug */ = {
			isa = XCBuildConfiguration;
			buildSettings = {
				ASSETCATALOG_COMPILER_APPICON_NAME = AppIcon;
				CODE_SIGN_STYLE = Automatic;
				INFOPLIST_FILE = "APP-SCONTRINI/Info.plist";
				LD_RUNPATH_SEARCH_PATHS = (
					"$(inherited)",
					"@executable_path/Frameworks",
				);
				PRODUCT_BUNDLE_IDENTIFIER = "com.mhscio.APP-SCONTRINI";
				PRODUCT_NAME = "$(TARGET_NAME)";
				SWIFT_VERSION = 5.0;
				TARGETED_DEVICE_FAMILY = "1,2";
			};
			name = Debug;
		};
		390EC1272382E46A00A988D0 /* Release */ = {
			isa = XCBuildConfiguration;
			buildSettings = {
				ASSETCATALOG_COMPILER_APPICON_NAME = AppIcon;
				CODE_SIGN_STYLE = Automatic;
				INFOPLIST_FILE = "APP-SCONTRINI/Info.plist";
				LD_RUNPATH_SEARCH_PATHS = (
					"$(inherited)",
					"@executable_path/Frameworks",
				);
				PRODUCT_BUNDLE_IDENTIFIER = "com.mhscio.APP-SCONTRINI";
				PRODUCT_NAME = "$(TARGET_NAME)";
				SWIFT_VERSION = 5.0;
				TARGETED_DEVICE_FAMILY = "1,2";
			};
			name = Release;
		};
		390EC1292382E46A00A988D0 /* Debug */ = {
			isa = XCBuildConfiguration;
			buildSettings = {
				ALWAYS_EMBED_SWIFT_STANDARD_LIBRARIES = YES;
				BUNDLE_LOADER = "$(TEST_HOST)";
				CODE_SIGN_STYLE = Automatic;
				INFOPLIST_FILE = "APP-SCONTRINITests/Info.plist";
				IPHONEOS_DEPLOYMENT_TARGET = 13.0;
				LD_RUNPATH_SEARCH_PATHS = (
					"$(inherited)",
					"@executable_path/Frameworks",
					"@loader_path/Frameworks",
				);
				PRODUCT_BUNDLE_IDENTIFIER = "com.mhscio.APP-SCONTRINITests";
				PRODUCT_NAME = "$(TARGET_NAME)";
				SWIFT_VERSION = 5.0;
				TARGETED_DEVICE_FAMILY = "1,2";
				TEST_HOST = "$(BUILT_PRODUCTS_DIR)/APP-SCONTRINI.app/APP-SCONTRINI";
			};
			name = Debug;
		};
		390EC12A2382E46A00A988D0 /* Release */ = {
			isa = XCBuildConfiguration;
			buildSettings = {
				ALWAYS_EMBED_SWIFT_STANDARD_LIBRARIES = YES;
				BUNDLE_LOADER = "$(TEST_HOST)";
				CODE_SIGN_STYLE = Automatic;
				INFOPLIST_FILE = "APP-SCONTRINITests/Info.plist";
				IPHONEOS_DEPLOYMENT_TARGET = 13.0;
				LD_RUNPATH_SEARCH_PATHS = (
					"$(inherited)",
					"@executable_path/Frameworks",
					"@loader_path/Frameworks",
				);
				PRODUCT_BUNDLE_IDENTIFIER = "com.mhscio.APP-SCONTRINITests";
				PRODUCT_NAME = "$(TARGET_NAME)";
				SWIFT_VERSION = 5.0;
				TARGETED_DEVICE_FAMILY = "1,2";
				TEST_HOST = "$(BUILT_PRODUCTS_DIR)/APP-SCONTRINI.app/APP-SCONTRINI";
			};
			name = Release;
		};
		390EC12C2382E46A00A988D0 /* Debug */ = {
			isa = XCBuildConfiguration;
			buildSettings = {
				ALWAYS_EMBED_SWIFT_STANDARD_LIBRARIES = YES;
				CODE_SIGN_STYLE = Automatic;
				INFOPLIST_FILE = "APP-SCONTRINIUITests/Info.plist";
				LD_RUNPATH_SEARCH_PATHS = (
					"$(inherited)",
					"@executable_path/Frameworks",
					"@loader_path/Frameworks",
				);
				PRODUCT_BUNDLE_IDENTIFIER = "com.mhscio.APP-SCONTRINIUITests";
				PRODUCT_NAME = "$(TARGET_NAME)";
				SWIFT_VERSION = 5.0;
				TARGETED_DEVICE_FAMILY = "1,2";
				TEST_TARGET_NAME = "APP-SCONTRINI";
			};
			name = Debug;
		};
		390EC12D2382E46A00A988D0 /* Release */ = {
			isa = XCBuildConfiguration;
			buildSettings = {
				ALWAYS_EMBED_SWIFT_STANDARD_LIBRARIES = YES;
				CODE_SIGN_STYLE = Automatic;
				INFOPLIST_FILE = "APP-SCONTRINIUITests/Info.plist";
				LD_RUNPATH_SEARCH_PATHS = (
					"$(inherited)",
					"@executable_path/Frameworks",
					"@loader_path/Frameworks",
				);
				PRODUCT_BUNDLE_IDENTIFIER = "com.mhscio.APP-SCONTRINIUITests";
				PRODUCT_NAME = "$(TARGET_NAME)";
				SWIFT_VERSION = 5.0;
				TARGETED_DEVICE_FAMILY = "1,2";
				TEST_TARGET_NAME = "APP-SCONTRINI";
			};
			name = Release;
		};
/* End XCBuildConfiguration section */

/* Begin XCConfigurationList section */
		390EC0F42382E46900A988D0 /* Build configuration list for PBXProject "APP-SCONTRINI" */ = {
			isa = XCConfigurationList;
			buildConfigurations = (
				390EC1232382E46A00A988D0 /* Debug */,
				390EC1242382E46A00A988D0 /* Release */,
			);
			defaultConfigurationIsVisible = 0;
			defaultConfigurationName = Release;
		};
		390EC1252382E46A00A988D0 /* Build configuration list for PBXNativeTarget "APP-SCONTRINI" */ = {
			isa = XCConfigurationList;
			buildConfigurations = (
				390EC1262382E46A00A988D0 /* Debug */,
				390EC1272382E46A00A988D0 /* Release */,
			);
			defaultConfigurationIsVisible = 0;
			defaultConfigurationName = Release;
		};
		390EC1282382E46A00A988D0 /* Build configuration list for PBXNativeTarget "APP-SCONTRINITests" */ = {
			isa = XCConfigurationList;
			buildConfigurations = (
				390EC1292382E46A00A988D0 /* Debug */,
				390EC12A2382E46A00A988D0 /* Release */,
			);
			defaultConfigurationIsVisible = 0;
			defaultConfigurationName = Release;
		};
		390EC12B2382E46A00A988D0 /* Build configuration list for PBXNativeTarget "APP-SCONTRINIUITests" */ = {
			isa = XCConfigurationList;
			buildConfigurations = (
				390EC12C2382E46A00A988D0 /* Debug */,
				390EC12D2382E46A00A988D0 /* Release */,
			);
			defaultConfigurationIsVisible = 0;
			defaultConfigurationName = Release;
		};
/* End XCConfigurationList section */
	};
	rootObject = 390EC0F12382E46900A988D0 /* Project object */;
}
